[[package]]
category = "main"
description = "Advanced Enumerations (compatible with Python's stdlib Enum), NamedTuples, and NamedConstants"
marker = "python_version < \"3.6\""
name = "aenum"
optional = false
python-versions = "*"
version = "2.1.2"

[[package]]
category = "main"
description = "Atomic file writes."
name = "atomicwrites"
optional = false
python-versions = ">=2.7, !=3.0.*, !=3.1.*, !=3.2.*, !=3.3.*"
version = "1.3.0"

[[package]]
category = "main"
description = "Classes Without Boilerplate"
name = "attrs"
optional = false
python-versions = ">=2.7, !=3.0.*, !=3.1.*, !=3.2.*, !=3.3.*"
version = "19.1.0"

[[package]]
category = "main"
description = "Python module to generate and modify bytecode"
name = "bytecode"
optional = false
python-versions = "*"
version = "0.8.0"

[package.dependencies]
[package.dependencies.aenum]
python = "<3.6"
version = ">=2.0"

[[package]]
category = "main"
description = "Composable command line interface toolkit"
name = "click"
optional = false
python-versions = ">=2.7, !=3.0.*, !=3.1.*, !=3.2.*, !=3.3.*"
version = "7.0"

[[package]]
category = "main"
description = "Cross-platform colored terminal text."
name = "colorama"
optional = false
python-versions = ">=2.7, !=3.0.*, !=3.1.*, !=3.2.*, !=3.3.*"
version = "0.4.1"

[[package]]
category = "main"
description = "TextUI colors for Python."
name = "crayons"
optional = false
python-versions = "*"
version = "0.2.0"

[package.dependencies]
colorama = "*"

[[package]]
category = "dev"
description = "A platform independent file lock."
name = "filelock"
optional = false
python-versions = "*"
version = "3.0.12"

[[package]]
category = "main"
description = "Read metadata from Python packages"
name = "importlib-metadata"
optional = false
python-versions = ">=2.7,!=3.0,!=3.1,!=3.2,!=3.3"
version = "0.18"

[package.dependencies]
zipp = ">=0.5"

[[package]]
category = "main"
description = "More routines for operating on iterables, beyond itertools"
marker = "python_version > \"2.7\""
name = "more-itertools"
optional = false
python-versions = ">=3.4"
version = "7.0.0"

[[package]]
category = "main"
description = "Core utilities for Python packages"
name = "packaging"
optional = false
python-versions = ">=2.7, !=3.0.*, !=3.1.*, !=3.2.*, !=3.3.*"
version = "19.0"

[package.dependencies]
pyparsing = ">=2.0.2"
six = "*"

[[package]]
category = "main"
description = "Object-oriented filesystem paths"
marker = "python_version < \"3.6\""
name = "pathlib2"
optional = false
python-versions = "*"
version = "2.3.4"

[package.dependencies]
six = "*"

[[package]]
category = "main"
description = "plugin and hook calling mechanisms for python"
name = "pluggy"
optional = false
python-versions = ">=2.7, !=3.0.*, !=3.1.*, !=3.2.*, !=3.3.*"
version = "0.12.0"

[package.dependencies]
importlib-metadata = ">=0.12"

[[package]]
category = "main"
description = "library with cross-python path, ini-parsing, io, code, log facilities"
name = "py"
optional = false
python-versions = ">=2.7, !=3.0.*, !=3.1.*, !=3.2.*, !=3.3.*"
version = "1.8.0"

[[package]]
category = "main"
description = "Python parsing module"
name = "pyparsing"
optional = false
python-versions = ">=2.6, !=3.0.*, !=3.1.*, !=3.2.*"
version = "2.4.0"

[[package]]
category = "main"
description = "pytest: simple powerful testing with Python"
name = "pytest"
optional = false
python-versions = ">=2.7, !=3.0.*, !=3.1.*, !=3.2.*, !=3.3.*"
version = "4.6.3"

[package.dependencies]
atomicwrites = ">=1.0"
attrs = ">=17.4.0"
colorama = "*"
importlib-metadata = ">=0.12"
packaging = "*"
pluggy = ">=0.12,<1.0"
py = ">=1.5.0"
six = ">=1.10.0"
wcwidth = "*"

[package.dependencies.more-itertools]
python = ">=2.8"
version = ">=4.0.0"

[package.dependencies.pathlib2]
python = "<3.6"
version = ">=2.2.0"

[[package]]
category = "main"
description = "a pytest plugin for parallel and concurrent testing"
name = "pytest-parallel"
optional = false
python-versions = "*"
version = "0.0.9"

[package.dependencies]
pytest = ">=3.0.0"

[[package]]
category = "main"
description = "Python 2 and 3 compatibility utilities"
name = "six"
optional = false
python-versions = ">=2.6, !=3.0.*, !=3.1.*"
version = "1.12.0"

[[package]]
category = "main"
description = "An Earley-Algorithm Context-free grammar Parser Toolkit"
name = "spark-parser"
optional = false
python-versions = "*"
version = "1.8.7"

[package.dependencies]
click = "*"

[[package]]
category = "dev"
description = "Python Library for Tom's Obvious, Minimal Language"
name = "toml"
optional = false
python-versions = "*"
version = "0.10.0"

[[package]]
category = "dev"
description = "tox is a generic virtualenv management and test command line tool"
name = "tox"
optional = false
python-versions = ">=2.7, !=3.0.*, !=3.1.*, !=3.2.*, !=3.3.*"
version = "3.13.1"

[package.dependencies]
filelock = ">=3.0.0,<4"
importlib-metadata = ">=0.12,<1"
packaging = ">=14"
pluggy = ">=0.12.0,<1"
py = ">=1.4.17,<2"
six = ">=1.0.0,<2"
toml = ">=0.9.4"
virtualenv = ">=14.0.0"

[[package]]
category = "dev"
description = "tox plugin that makes tox use `pyenv which` to find python executables"
name = "tox-pyenv"
optional = false
python-versions = "*"
version = "1.1.0"

[package.dependencies]
tox = ">=2.0"

[[package]]
category = "dev"
description = "tox plugin to run arbitrary commands in a virtualenv"
name = "tox-run-command"
optional = false
python-versions = "*"
version = "0.4"

[package.dependencies]
tox = ">=2.0"

[[package]]
category = "main"
description = "Python cross-version byte-code decompiler"
name = "uncompyle6"
optional = false
python-versions = "*"
version = "3.3.4"

[package.dependencies]
spark-parser = ">=1.8.7,<1.9.0"
xdis = ">=4.0.2,<4.1.0"

[[package]]
category = "dev"
description = "Virtual Python Environment builder"
name = "virtualenv"
optional = false
python-versions = ">=2.7, !=3.0.*, !=3.1.*, !=3.2.*, !=3.3.*"
version = "16.6.1"

[[package]]
category = "main"
description = "Measures number of Terminal column cells of wide-character codes"
name = "wcwidth"
optional = false
python-versions = "*"
version = "0.1.7"

[[package]]
category = "main"
description = "Python cross-version byte-code disassembler and marshal routines"
name = "xdis"
optional = false
python-versions = "*"
version = "4.0.2"

[[package]]
category = "main"
description = "Backport of pathlib-compatible object wrapper for zip files"
name = "zipp"
optional = false
python-versions = ">=2.7"
version = "0.5.1"

[metadata]
content-hash = "e1f3abd0f18d299f03ce74dd0130933b930bb34871576ef1b028e57d24dfebf5"
python-versions = "^3.5"

[metadata.hashes]
aenum = ["3df9b84cce5dc9ed77c337079f97b66c44c0053eb87d6f4d46b888dc45801e38", "7a77c205c4bc9d7fe9bd73b3193002d724aebf5909fa0d297534208953891ec8", "a3208e4b28db3a7b232ff69b934aef2ea1bf27286d9978e1e597d46f490e4687"]
atomicwrites = ["03472c30eb2c5d1ba9227e4c2ca66ab8287fbfbbda3888aa93dc2e28fc6811b4", "75a9445bac02d8d058d5e1fe689654ba5a6556a1dfd8ce6ec55a0ed79866cfa6"]
attrs = ["69c0dbf2ed392de1cb5ec704444b08a5ef81680a61cb899dc08127123af36a79", "f0b870f674851ecbfbbbd364d6b5cbdff9dcedbc7f3f5e18a6891057f21fe399"]
bytecode = ["68b1d591c7af0e5c5273e028d3cc0299fbe374dff0cf9149ec7e569be0c573e7", "c43d5052cbff076bfdf5b0b93ff6c76e461aab628ce47d30637bb200b6b7bb2c"]
click = ["2335065e6395b9e67ca716de5f7526736bfa6ceead690adf616d925bdc622b13", "5b94b49521f6456670fdb30cd82a4eca9412788a93fa6dd6df72c94d5a8ff2d7"]
colorama = ["05eed71e2e327246ad6b38c540c4a3117230b19679b875190486ddd2d721422d", "f8ac84de7840f5b9c4e3347b3c1eaa50f7e49c2b07596221daec5edaabbd7c48"]
crayons = ["41f0843815a8e3ac6fb445b7970d8b9c766e6f164092d84e7ea809b4c91418ec", "8edcadb7f197e25f2cc094aec5bf7f1b6001d3f76c82d56f8d46f6fb1405554f"]
filelock = ["18d82244ee114f543149c66a6e0c14e9c4f8a1044b5cdaadd0f82159d6a6ff59", "929b7d63ec5b7d6b71b0fa5ac14e030b3f70b75747cef1b10da9b879fef15836"]
importlib-metadata = ["6dfd58dfe281e8d240937776065dd3624ad5469c835248219bd16cf2e12dbeb7", "cb6ee23b46173539939964df59d3d72c3e0c1b5d54b84f1d8a7e912fe43612db"]
more-itertools = ["2112d2ca570bb7c3e53ea1a35cd5df42bb0fd10c45f0fb97178679c3c03d64c7", "c3e4748ba1aad8dba30a4886b0b1a2004f9a863837b8654e7059eebf727afa5a"]
packaging = ["0c98a5d0be38ed775798ece1b9727178c4469d9c3b4ada66e8e6b7849f8732af", "9e1cbf8c12b1f1ce0bb5344b8d7ecf66a6f8a6e91bcb0c84593ed6d3ab5c4ab3"]
pathlib2 = ["2156525d6576d21c4dcaddfa427fae887ef89a7a9de5cbfe0728b3aafa78427e", "446014523bb9be5c28128c4d2a10ad6bb60769e78bd85658fe44a450674e0ef8"]
pluggy = ["0825a152ac059776623854c1543d65a4ad408eb3d33ee114dff91e57ec6ae6fc", "b9817417e95936bf75d85d3f8767f7df6cdde751fc40aed3bb3074cbcb77757c"]
py = ["64f65755aee5b381cea27766a3a147c3f15b9b6b9ac88676de66ba2ae36793fa", "dc639b046a6e2cff5bbe40194ad65936d6ba360b52b3c3fe1d08a82dd50b5e53"]
pyparsing = ["1873c03321fc118f4e9746baf201ff990ceb915f433f23b395f5580d1840cb2a", "9b6323ef4ab914af344ba97510e966d64ba91055d6b9afa6b30799340e89cc03"]
pytest = ["4a784f1d4f2ef198fe9b7aef793e9fa1a3b2f84e822d9b3a64a181293a572d45", "926855726d8ae8371803f7b2e6ec0a69953d9c6311fa7c3b6c1b929ff92d27da"]
pytest-parallel = ["94df6b0ebf48e03cbce66622d55ba6bd2cb116b06cfb39cc5fc4d2d310df25ca", "c4226352462ae32ff01d47a642d087005c3b9bf995cea61fc37a4becb146278d"]
six = ["3350809f0555b11f552448330d0b52d5f24c91a322ea4a15ef22629740f3761c", "d16a0141ec1a18405cd4ce8b4613101da75da0e9a7aec5bdd4fa804d0e0eba73"]
spark-parser = ["03e115c9c3cf849658ce191b4ad8a512e88c6337141f44b3d87a51a6bf18413a", "11be196977ce42710d44dbb7adb78b42853875a1f686c64b88315e519a8b1b0d", "1f37849f320d8f8454456c0ca985deda1413974256945f398e30addaa905d198", "4c5e6064afbb3c114749016d585b0e4f9222d4ffa97a1854c9ab70b25783ef48", "5426f3ade7ccad74f12e0ffdf34e28a29b0295c245ee5f5de96a5f942025c53c", "6c1edc94291385d23b56a0eab348aceba72b6d5f363e52e773c7b2c88ec9f8ab", "76bb0acdfba2c7193e608e9cf995f41799b61b2e3b8e1f13320b7ee66aff7b65", "e0769cba3fe78af969b178c571ba297aa8de202a8d48661abf0e46fc8b427e02", "e8e456ffa6e83f963f4830884624830bbbea82c9ae6b3b1700f84566550e1ab0"]
toml = ["229f81c57791a41d65e399fc06bf0848bab550a9dfd5ed66df18ce5f05e73d5c", "235682dd292d5899d361a811df37e04a8828a5b1da3115886b73cf81ebc9100e", "f1db651f9657708513243e61e6cc67d101a39bad662eaa9b5546f789338e07a3"]
tox = ["45a265e953368fb372cca3eac33b69fdb1b1453e5b114be231c84fc3dfadceed", "f5cb0b5b8d14f2100982b0981c750d840228180a348e6bad355aa38e949fbc3f"]
tox-pyenv = ["916c2213577aec0b3b5452c5bfb32fd077f3a3196f50a81ad57d7ef3fc2599e4", "e470c18af115fe52eeff95e7e3cdd0793613eca19709966fc2724b79d55246cb"]
tox-run-command = ["5c5fe892f732d20276c8b2d29ce079bbbcadc153d696b31cdd8fb3edf5c29ec6"]
uncompyle6 = ["02e5010b358cfe3891c0f886e5690cd07f372e95373f09d142e42ce6ec32e1a3", "09a4010efc5482222089122304b0f683b8d19dc8b9328ccf70be95d5c000231f", "0d1864c38c7fe13e04d88a80f1c3602e77f8ba080cdffd8a64e4934e4ed75444", "3ee0a037dbd4b83379a641fe1d6def7c6a9d3392b74033a88400ed7afde9e82f", "46b8bb3f77b0b9c9df2407bac81fd95a9587150e2b314f7bc7b18ab8d3891445", "50b5fedbd32b540af846d69398ac082ae9bc19120b19eb60d952e6f52171aa89", "564dd9e069f043d584f143d2160b03d146c15cddb13e62d86d36fea3cae108e4", "68e8eb8643c65af296ea0ec36a5920f3c5d0267d46fb99fa269a51012fb4a4ef", "737d6eb2ec19824d99096b7a64e65227c5b79966b0a8d6584ba869cd5dfc6c99", "958cf48b1cc66cc6c643d06f9f70c76f9603b78f96d2ecf6f987e55a0d8ef4d6", "b6dd5f5da1edb2c16b1967b85abaf51478ceeb6f9ef0b2e5cc487ded438a04a5", "b7876af1e09273a44b6efcf413cade81ac6a94c90fa5303d590e86eb4b6e916b", "d47cc726afb6b5fa924b307f93b2baa3f51ce3b50c57baea61b049d9d9515289", "e4eb8fe8ebe3661c5b4f4ffa87847ed15f1fe9754debb9f0984ec35150b03d64", "ec48df7955e3822b9d2801be77eef5cd0d0df2be438f31901c38cd33d5641d78"]
virtualenv = ["b7335cddd9260a3dd214b73a2521ffc09647bde3e9457fcca31dc3be3999d04a", "d28ca64c0f3f125f59cabf13e0a150e1c68e5eea60983cc4395d88c584495783"]
wcwidth = ["3df37372226d6e63e1b1e1eda15c594bca98a22d33a23832a90998faa96bc65e", "f4ebe71925af7b40a864553f761ed559b43544f8f71746c2d756c7fe788ade7c"]
xdis = ["0b9903fdc5042ce01a8183d54372d72a78745f3e50f0be1077fdd1e7b3d30f22", "1717b6e14361dc36e35cd7621466a130554c3381de90d030fe2881b205539c1e", "345b33fc6043f19b26d51eb3a0be0a61d992207e4da623b274bb32c6825315dc", "4f350b9c5ce22d27700d9bcaf5cf6f8daa4c20ea58a89557ad7bc59572190d02", "5aa79737f3abf16c0e52b632cc0e921cdbc7b9092604071f7d8b62882da23ce4", "5e9ba44bd8d1d3f544061a7f77a9799b67253adb2077ad28bc42c6513c163b05", "6b85f2342f5b24e34a0a0fdc821da36c6cdb699f921457a8b3b8be9de8db193d", "79c1c75fc94dc46586d4a85d29fa3d026457eb54c85e36876e3d13f5ceb6e8df", "7e253a8061c06321a437d9b4723d6a49f0b7ff16828545117c8f09d487bcb237", "829c38ee67c37ab38e34e49329eb0285bd51cc4068f00fed15fa08544dea11a2", "aa3851a929d26839d2f138e6d36d274426858e7acf53fc9d0ebf35eefd0f1b9d", "ceaec23bf63bd938481209c7f4056bacdaf7becb7304cf42877be882daeb1418", "ded72e1938375f2b60ffac8897ae2080c4519e5843a59984e9506d14777bce1c", "ef5a9dbc8c3fb0ff76d292d1803dc2e84da898f4b8f4e171b234684d6555989e"]
zipp = ["8c1019c6aad13642199fbe458275ad6a84907634cc9f0989877ccc4a2840139d", "ca943a7e809cc12257001ccfb99e3563da9af99d52f261725e96dfe0f9275bc3"]
