[[package]]
category = "main"
description = "Atomic file writes."
name = "atomicwrites"
optional = false
python-versions = ">=2.7, !=3.0.*, !=3.1.*, !=3.2.*, !=3.3.*"
version = "1.3.0"

[[package]]
category = "main"
description = "Classes Without Boilerplate"
name = "attrs"
optional = false
python-versions = ">=2.7, !=3.0.*, !=3.1.*, !=3.2.*, !=3.3.*"
version = "19.1.0"

[[package]]
category = "main"
description = "Python module to generate and modify bytecode"
name = "bytecode"
optional = false
python-versions = "*"
version = "0.8.0"

[[package]]
category = "main"
description = "Composable command line interface toolkit"
name = "click"
optional = false
python-versions = ">=2.7, !=3.0.*, !=3.1.*, !=3.2.*, !=3.3.*"
version = "7.0"

[[package]]
category = "main"
description = "Cross-platform colored terminal text."
name = "colorama"
optional = false
python-versions = ">=2.7, !=3.0.*, !=3.1.*, !=3.2.*, !=3.3.*"
version = "0.4.1"

[[package]]
category = "main"
description = "TextUI colors for Python."
name = "crayons"
optional = false
python-versions = "*"
version = "0.2.0"

[package.dependencies]
colorama = "*"

[[package]]
category = "dev"
description = "A platform independent file lock."
name = "filelock"
optional = false
python-versions = "*"
version = "3.0.12"

[[package]]
category = "main"
description = "Read metadata from Python packages"
name = "importlib-metadata"
optional = false
python-versions = ">=2.7,!=3.0,!=3.1,!=3.2,!=3.3"
version = "0.18"

[package.dependencies]
zipp = ">=0.5"

[[package]]
category = "main"
description = "More routines for operating on iterables, beyond itertools"
marker = "python_version > \"2.7\""
name = "more-itertools"
optional = false
python-versions = ">=3.4"
version = "7.1.0"

[[package]]
category = "main"
description = "Core utilities for Python packages"
name = "packaging"
optional = false
python-versions = ">=2.7, !=3.0.*, !=3.1.*, !=3.2.*, !=3.3.*"
version = "19.0"

[package.dependencies]
pyparsing = ">=2.0.2"
six = "*"

[[package]]
category = "main"
description = "plugin and hook calling mechanisms for python"
name = "pluggy"
optional = false
python-versions = ">=2.7, !=3.0.*, !=3.1.*, !=3.2.*, !=3.3.*"
version = "0.12.0"

[package.dependencies]
importlib-metadata = ">=0.12"

[[package]]
category = "main"
description = "library with cross-python path, ini-parsing, io, code, log facilities"
name = "py"
optional = false
python-versions = ">=2.7, !=3.0.*, !=3.1.*, !=3.2.*, !=3.3.*"
version = "1.8.0"

[[package]]
category = "main"
description = "Python parsing module"
name = "pyparsing"
optional = false
python-versions = ">=2.6, !=3.0.*, !=3.1.*, !=3.2.*"
version = "2.4.0"

[[package]]
category = "main"
description = "pytest: simple powerful testing with Python"
name = "pytest"
optional = false
python-versions = ">=2.7, !=3.0.*, !=3.1.*, !=3.2.*, !=3.3.*"
version = "4.6.4"

[package.dependencies]
atomicwrites = ">=1.0"
attrs = ">=17.4.0"
colorama = "*"
importlib-metadata = ">=0.12"
packaging = "*"
pluggy = ">=0.12,<1.0"
py = ">=1.5.0"
six = ">=1.10.0"
wcwidth = "*"

[package.dependencies.more-itertools]
python = ">=2.8"
version = ">=4.0.0"

[[package]]
category = "main"
description = "a pytest plugin for parallel and concurrent testing"
name = "pytest-parallel"
optional = false
python-versions = "*"
version = "0.0.9"

[package.dependencies]
pytest = ">=3.0.0"

[[package]]
category = "main"
description = "Python 2 and 3 compatibility utilities"
name = "six"
optional = false
python-versions = ">=2.6, !=3.0.*, !=3.1.*"
version = "1.12.0"

[[package]]
category = "main"
description = "An Earley-Algorithm Context-free grammar Parser Toolkit"
name = "spark-parser"
optional = false
python-versions = "*"
version = "1.8.7"

[package.dependencies]
click = "*"

[[package]]
category = "dev"
description = "Python Library for Tom's Obvious, Minimal Language"
name = "toml"
optional = false
python-versions = "*"
version = "0.10.0"

[[package]]
category = "dev"
description = "tox is a generic virtualenv management and test command line tool"
name = "tox"
optional = false
python-versions = ">=2.7, !=3.0.*, !=3.1.*, !=3.2.*, !=3.3.*"
version = "3.13.2"

[package.dependencies]
filelock = ">=3.0.0,<4"
importlib-metadata = ">=0.12,<1"
packaging = ">=14"
pluggy = ">=0.12.0,<1"
py = ">=1.4.17,<2"
six = ">=1.0.0,<2"
toml = ">=0.9.4"
virtualenv = ">=14.0.0"

[[package]]
category = "dev"
description = "tox plugin that makes tox use `pyenv which` to find python executables"
name = "tox-pyenv"
optional = false
python-versions = "*"
version = "1.1.0"

[package.dependencies]
tox = ">=2.0"

[[package]]
category = "dev"
description = "tox plugin to run arbitrary commands in a virtualenv"
name = "tox-run-command"
optional = false
python-versions = "*"
version = "0.4"

[package.dependencies]
tox = ">=2.0"

[[package]]
category = "main"
description = "Python cross-version byte-code decompiler"
name = "uncompyle6"
optional = false
python-versions = "*"
version = "3.3.5"

[package.dependencies]
spark-parser = ">=1.8.7,<1.9.0"
xdis = ">=4.0.2,<4.1.0"

[[package]]
category = "dev"
description = "Virtual Python Environment builder"
name = "virtualenv"
optional = false
python-versions = ">=2.7, !=3.0.*, !=3.1.*, !=3.2.*, !=3.3.*"
version = "16.6.1"

[[package]]
category = "main"
description = "Measures number of Terminal column cells of wide-character codes"
name = "wcwidth"
optional = false
python-versions = "*"
version = "0.1.7"

[[package]]
category = "main"
description = "Python cross-version byte-code disassembler and marshal routines"
name = "xdis"
optional = false
python-versions = "*"
version = "4.0.2"

[[package]]
category = "main"
description = "Backport of pathlib-compatible object wrapper for zip files"
name = "zipp"
optional = false
python-versions = ">=2.7"
version = "0.5.1"

[metadata]
content-hash = "6f1191e24e857981d7d648abc102a3e169d265ab2327b54e34ba3fdbccfe3524"
python-versions = "^3.6"

[metadata.hashes]
atomicwrites = ["03472c30eb2c5d1ba9227e4c2ca66ab8287fbfbbda3888aa93dc2e28fc6811b4", "75a9445bac02d8d058d5e1fe689654ba5a6556a1dfd8ce6ec55a0ed79866cfa6"]
attrs = ["69c0dbf2ed392de1cb5ec704444b08a5ef81680a61cb899dc08127123af36a79", "f0b870f674851ecbfbbbd364d6b5cbdff9dcedbc7f3f5e18a6891057f21fe399"]
bytecode = ["68b1d591c7af0e5c5273e028d3cc0299fbe374dff0cf9149ec7e569be0c573e7", "c43d5052cbff076bfdf5b0b93ff6c76e461aab628ce47d30637bb200b6b7bb2c"]
click = ["2335065e6395b9e67ca716de5f7526736bfa6ceead690adf616d925bdc622b13", "5b94b49521f6456670fdb30cd82a4eca9412788a93fa6dd6df72c94d5a8ff2d7"]
colorama = ["05eed71e2e327246ad6b38c540c4a3117230b19679b875190486ddd2d721422d", "f8ac84de7840f5b9c4e3347b3c1eaa50f7e49c2b07596221daec5edaabbd7c48"]
crayons = ["41f0843815a8e3ac6fb445b7970d8b9c766e6f164092d84e7ea809b4c91418ec", "8edcadb7f197e25f2cc094aec5bf7f1b6001d3f76c82d56f8d46f6fb1405554f"]
filelock = ["18d82244ee114f543149c66a6e0c14e9c4f8a1044b5cdaadd0f82159d6a6ff59", "929b7d63ec5b7d6b71b0fa5ac14e030b3f70b75747cef1b10da9b879fef15836"]
importlib-metadata = ["6dfd58dfe281e8d240937776065dd3624ad5469c835248219bd16cf2e12dbeb7", "cb6ee23b46173539939964df59d3d72c3e0c1b5d54b84f1d8a7e912fe43612db"]
more-itertools = ["3ad685ff8512bf6dc5a8b82ebf73543999b657eded8c11803d9ba6b648986f4d", "8bb43d1f51ecef60d81854af61a3a880555a14643691cc4b64a6ee269c78f09a"]
packaging = ["0c98a5d0be38ed775798ece1b9727178c4469d9c3b4ada66e8e6b7849f8732af", "9e1cbf8c12b1f1ce0bb5344b8d7ecf66a6f8a6e91bcb0c84593ed6d3ab5c4ab3"]
pluggy = ["0825a152ac059776623854c1543d65a4ad408eb3d33ee114dff91e57ec6ae6fc", "b9817417e95936bf75d85d3f8767f7df6cdde751fc40aed3bb3074cbcb77757c"]
py = ["64f65755aee5b381cea27766a3a147c3f15b9b6b9ac88676de66ba2ae36793fa", "dc639b046a6e2cff5bbe40194ad65936d6ba360b52b3c3fe1d08a82dd50b5e53"]
pyparsing = ["1873c03321fc118f4e9746baf201ff990ceb915f433f23b395f5580d1840cb2a", "9b6323ef4ab914af344ba97510e966d64ba91055d6b9afa6b30799340e89cc03"]
pytest = ["6aa9bc2f6f6504d7949e9df2a756739ca06e58ffda19b5e53c725f7b03fb4aae", "b77ae6f2d1a760760902a7676887b665c086f71e3461c64ed2a312afcedc00d6"]
pytest-parallel = ["94df6b0ebf48e03cbce66622d55ba6bd2cb116b06cfb39cc5fc4d2d310df25ca", "c4226352462ae32ff01d47a642d087005c3b9bf995cea61fc37a4becb146278d"]
six = ["3350809f0555b11f552448330d0b52d5f24c91a322ea4a15ef22629740f3761c", "d16a0141ec1a18405cd4ce8b4613101da75da0e9a7aec5bdd4fa804d0e0eba73"]
spark-parser = ["03e115c9c3cf849658ce191b4ad8a512e88c6337141f44b3d87a51a6bf18413a", "11be196977ce42710d44dbb7adb78b42853875a1f686c64b88315e519a8b1b0d", "1f37849f320d8f8454456c0ca985deda1413974256945f398e30addaa905d198", "4c5e6064afbb3c114749016d585b0e4f9222d4ffa97a1854c9ab70b25783ef48", "5426f3ade7ccad74f12e0ffdf34e28a29b0295c245ee5f5de96a5f942025c53c", "6c1edc94291385d23b56a0eab348aceba72b6d5f363e52e773c7b2c88ec9f8ab", "76bb0acdfba2c7193e608e9cf995f41799b61b2e3b8e1f13320b7ee66aff7b65", "e0769cba3fe78af969b178c571ba297aa8de202a8d48661abf0e46fc8b427e02", "e8e456ffa6e83f963f4830884624830bbbea82c9ae6b3b1700f84566550e1ab0"]
toml = ["229f81c57791a41d65e399fc06bf0848bab550a9dfd5ed66df18ce5f05e73d5c", "235682dd292d5899d361a811df37e04a8828a5b1da3115886b73cf81ebc9100e", "f1db651f9657708513243e61e6cc67d101a39bad662eaa9b5546f789338e07a3"]
tox = ["dab0b0160dd187b654fc33d690ee1d7bf328bd5b8dc6ef3bb3cc468969c659ba", "ee35ffce74933a6c6ac10c9a0182e41763140a5a5070e21b114feca56eaccdcd"]
tox-pyenv = ["916c2213577aec0b3b5452c5bfb32fd077f3a3196f50a81ad57d7ef3fc2599e4", "e470c18af115fe52eeff95e7e3cdd0793613eca19709966fc2724b79d55246cb"]
tox-run-command = ["5c5fe892f732d20276c8b2d29ce079bbbcadc153d696b31cdd8fb3edf5c29ec6"]
uncompyle6 = ["069b08e57a38baf5aecab5a9a68359092373d3be23b78ece6033cba1bcaee362", "09ef81af770eaaa915f6fe207e8fbb0b31b1014d350c8c1a1a77061cbb1e16ec", "1f3d7c789446f27bc5509315c50a8ef278b8862ce6bfa8cc2183704cd4b0970f", "33828e67ffcf8403721807141179b76edeb5390b7a355af16e2dc1f7ff1901ee", "3476a6980bff6bef982b63c96c05bf0c74f3fc30c896b8089c275e1fa6e5084e", "3a325361cd12043e760626fb7ac65da2c363cdfb43dcfa503f487250b590a811", "477a96e1dbf89aadef563e3c159ee38e5b84a359caaf6b917e5cfaedff99afce", "4c5eaba7f3e6a02a1d76c978f42bbf617c1a374b5b1c8e38763d1ef4ea48ec11", "8f8231e174a46241d79b7a5e140557eb0805cbb08891974f61639536629d8df4", "a46e58c6978c069255e1f9a5e25bb3e2625b8c4fb867a8eef789653f4127d2ac", "b9ac50c6bf32a2cdb64baadf5ffb9f9d759961564a722c6243ec2ba52747dc92", "d0641263d4034e1da538b0b60d4dc6c72b95c801e69f6b0597582596bc709971", "f791459963dc98699db825479f7f28faf04c41a2105fd6f44b92fba2ecbbb64b", "f7fd0446547f35d56ed8c7cf00c2b8021fd2251e80ec738863173ce193878a68"]
virtualenv = ["b7335cddd9260a3dd214b73a2521ffc09647bde3e9457fcca31dc3be3999d04a", "d28ca64c0f3f125f59cabf13e0a150e1c68e5eea60983cc4395d88c584495783"]
wcwidth = ["3df37372226d6e63e1b1e1eda15c594bca98a22d33a23832a90998faa96bc65e", "f4ebe71925af7b40a864553f761ed559b43544f8f71746c2d756c7fe788ade7c"]
xdis = ["0b9903fdc5042ce01a8183d54372d72a78745f3e50f0be1077fdd1e7b3d30f22", "1717b6e14361dc36e35cd7621466a130554c3381de90d030fe2881b205539c1e", "345b33fc6043f19b26d51eb3a0be0a61d992207e4da623b274bb32c6825315dc", "4f350b9c5ce22d27700d9bcaf5cf6f8daa4c20ea58a89557ad7bc59572190d02", "5aa79737f3abf16c0e52b632cc0e921cdbc7b9092604071f7d8b62882da23ce4", "5e9ba44bd8d1d3f544061a7f77a9799b67253adb2077ad28bc42c6513c163b05", "6b85f2342f5b24e34a0a0fdc821da36c6cdb699f921457a8b3b8be9de8db193d", "79c1c75fc94dc46586d4a85d29fa3d026457eb54c85e36876e3d13f5ceb6e8df", "7e253a8061c06321a437d9b4723d6a49f0b7ff16828545117c8f09d487bcb237", "829c38ee67c37ab38e34e49329eb0285bd51cc4068f00fed15fa08544dea11a2", "aa3851a929d26839d2f138e6d36d274426858e7acf53fc9d0ebf35eefd0f1b9d", "ceaec23bf63bd938481209c7f4056bacdaf7becb7304cf42877be882daeb1418", "ded72e1938375f2b60ffac8897ae2080c4519e5843a59984e9506d14777bce1c", "ef5a9dbc8c3fb0ff76d292d1803dc2e84da898f4b8f4e171b234684d6555989e"]
zipp = ["8c1019c6aad13642199fbe458275ad6a84907634cc9f0989877ccc4a2840139d", "ca943a7e809cc12257001ccfb99e3563da9af99d52f261725e96dfe0f9275bc3"]
